// !$*UTF8*$!
{
	archiveVersion = 1;
	classes = {
	};
	objectVersion = 46;
	objects = {

/* Begin PBXBuildFile section */
		A9D9D4511DD9A88B009010FA /* AppDelegate.swift in Sources */ = {isa = PBXBuildFile; fileRef = A9D9D4501DD9A88B009010FA /* AppDelegate.swift */; };
		A9D9D4531DD9A88B009010FA /* ViewController.swift in Sources */ = {isa = PBXBuildFile; fileRef = A9D9D4521DD9A88B009010FA /* ViewController.swift */; };
		A9D9D4561DD9A88B009010FA /* Main.storyboard in Resources */ = {isa = PBXBuildFile; fileRef = A9D9D4541DD9A88B009010FA /* Main.storyboard */; };
		A9D9D4581DD9A88B009010FA /* Assets.xcassets in Resources */ = {isa = PBXBuildFile; fileRef = A9D9D4571DD9A88B009010FA /* Assets.xcassets */; };
		A9D9D45B1DD9A88B009010FA /* LaunchScreen.storyboard in Resources */ = {isa = PBXBuildFile; fileRef = A9D9D4591DD9A88B009010FA /* LaunchScreen.storyboard */; };
		A9D9D4651DD9A946009010FA /* BusinessLogicLayer.framework in Frameworks */ = {isa = PBXBuildFile; fileRef = A9D9D4641DD9A946009010FA /* BusinessLogicLayer.framework */; };
		A9D9D4671DD9A953009010FA /* PersistenceLayer.framework in Frameworks */ = {isa = PBXBuildFile; fileRef = A9D9D4661DD9A953009010FA /* PersistenceLayer.framework */; };
/* End PBXBuildFile section */

/* Begin PBXFileReference section */
		A9D9D44D1DD9A88B009010FA /* RioOlympics2016.app */ = {isa = PBXFileReference; explicitFileType = wrapper.application; includeInIndex = 0; path = RioOlympics2016.app; sourceTree = BUILT_PRODUCTS_DIR; };
		A9D9D4501DD9A88B009010FA /* AppDelegate.swift */ = {isa = PBXFileReference; lastKnownFileType = sourcecode.swift; path = AppDelegate.swift; sourceTree = "<group>"; };
		A9D9D4521DD9A88B009010FA /* ViewController.swift */ = {isa = PBXFileReference; lastKnownFileType = sourcecode.swift; path = ViewController.swift; sourceTree = "<group>"; };
		A9D9D4551DD9A88B009010FA /* Base */ = {isa = PBXFileReference; lastKnownFileType = file.storyboard; name = Base; path = Base.lproj/Main.storyboard; sourceTree = "<group>"; };
		A9D9D4571DD9A88B009010FA /* Assets.xcassets */ = {isa = PBXFileReference; lastKnownFileType = folder.assetcatalog; path = Assets.xcassets; sourceTree = "<group>"; };
		A9D9D45A1DD9A88B009010FA /* Base */ = {isa = PBXFileReference; lastKnownFileType = file.storyboard; name = Base; path = Base.lproj/LaunchScreen.storyboard; sourceTree = "<group>"; };
		A9D9D45C1DD9A88B009010FA /* Info.plist */ = {isa = PBXFileReference; lastKnownFileType = text.plist.xml; path = Info.plist; sourceTree = "<group>"; };
		A9D9D4641DD9A946009010FA /* BusinessLogicLayer.framework */ = {isa = PBXFileReference; lastKnownFileType = wrapper.framework; name = BusinessLogicLayer.framework; path = "../BusinessLogicLayer/build/Debug-iphoneos/BusinessLogicLayer.framework"; sourceTree = "<group>"; };
		A9D9D4661DD9A953009010FA /* PersistenceLayer.framework */ = {isa = PBXFileReference; lastKnownFileType = wrapper.framework; name = PersistenceLayer.framework; path = "../PersistenceLayer/build/Debug-iphoneos/PersistenceLayer.framework"; sourceTree = "<group>"; };
/* End PBXFileReference section */

/* Begin PBXFrameworksBuildPhase section */
		A9D9D44A1DD9A88B009010FA /* Frameworks */ = {
			isa = PBXFrameworksBuildPhase;
			buildActionMask = 2147483647;
			files = (
				A9D9D4671DD9A953009010FA /* PersistenceLayer.framework in Frameworks */,
				A9D9D4651DD9A946009010FA /* BusinessLogicLayer.framework in Frameworks */,
			);
			runOnlyForDeploymentPostprocessing = 0;
		};
/* End PBXFrameworksBuildPhase section */

/* Begin PBXGroup section */
		A9D9D4441DD9A88B009010FA = {
			isa = PBXGroup;
			children = (
				A9D9D4661DD9A953009010FA /* PersistenceLayer.framework */,
				A9D9D4641DD9A946009010FA /* BusinessLogicLayer.framework */,
				A9D9D44F1DD9A88B009010FA /* RioOlympics2016 */,
				A9D9D44E1DD9A88B009010FA /* Products */,
			);
			sourceTree = "<group>";
		};
		A9D9D44E1DD9A88B009010FA /* Products */ = {
			isa = PBXGroup;
			children = (
				A9D9D44D1DD9A88B009010FA /* RioOlympics2016.app */,
			);
			name = Products;
			sourceTree = "<group>";
		};
		A9D9D44F1DD9A88B009010FA /* RioOlympics2016 */ = {
			isa = PBXGroup;
			children = (
				A9D9D4501DD9A88B009010FA /* AppDelegate.swift */,
				A9D9D4521DD9A88B009010FA /* ViewController.swift */,
				A9D9D4541DD9A88B009010FA /* Main.storyboard */,
				A9D9D4571DD9A88B009010FA /* Assets.xcassets */,
				A9D9D4591DD9A88B009010FA /* LaunchScreen.storyboard */,
				A9D9D45C1DD9A88B009010FA /* Info.plist */,
			);
			path = RioOlympics2016;
			sourceTree = "<group>";
		};
/* End PBXGroup section */

/* Begin PBXNativeTarget section */
		A9D9D44C1DD9A88B009010FA /* RioOlympics2016 */ = {
			isa = PBXNativeTarget;
			buildConfigurationList = A9D9D45F1DD9A88B009010FA /* Build configuration list for PBXNativeTarget "RioOlympics2016" */;
			buildPhases = (
				A9D9D4491DD9A88B009010FA /* Sources */,
				A9D9D44A1DD9A88B009010FA /* Frameworks */,
				A9D9D44B1DD9A88B009010FA /* Resources */,
			);
			buildRules = (
			);
			dependencies = (
			);
			name = RioOlympics2016;
			productName = RioOlympics2016;
			productReference = A9D9D44D1DD9A88B009010FA /* RioOlympics2016.app */;
			productType = "com.apple.product-type.application";
		};
/* End PBXNativeTarget section */

/* Begin PBXProject section */
		A9D9D4451DD9A88B009010FA /* Project object */ = {
			isa = PBXProject;
			attributes = {
				LastSwiftUpdateCheck = 0730;
				LastUpgradeCheck = 0730;
				ORGANIZATIONNAME = ansonzhou;
				TargetAttributes = {
					A9D9D44C1DD9A88B009010FA = {
						CreatedOnToolsVersion = 7.3.1;
						DevelopmentTeam = V4ACK82BGP;
					};
				};
			};
			buildConfigurationList = A9D9D4481DD9A88B009010FA /* Build configuration list for PBXProject "RioOlympics2016" */;
			compatibilityVersion = "Xcode 3.2";
			developmentRegion = English;
			hasScannedForEncodings = 0;
			knownRegions = (
				en,
				Base,
			);
			mainGroup = A9D9D4441DD9A88B009010FA;
			productRefGroup = A9D9D44E1DD9A88B009010FA /* Products */;
			projectDirPath = "";
			projectRoot = "";
			targets = (
				A9D9D44C1DD9A88B009010FA /* RioOlympics2016 */,
			);
		};
/* End PBXProject section */

/* Begin PBXResourcesBuildPhase section */
		A9D9D44B1DD9A88B009010FA /* Resources */ = {
			isa = PBXResourcesBuildPhase;
			buildActionMask = 2147483647;
			files = (
				A9D9D45B1DD9A88B009010FA /* LaunchScreen.storyboard in Resources */,
				A9D9D4581DD9A88B009010FA /* Assets.xcassets in Resources */,
				A9D9D4561DD9A88B009010FA /* Main.storyboard in Resources */,
			);
			runOnlyForDeploymentPostprocessing = 0;
		};
/* End PBXResourcesBuildPhase section */

/* Begin PBXSourcesBuildPhase section */
		A9D9D4491DD9A88B009010FA /* Sources */ = {
			isa = PBXSourcesBuildPhase;
			buildActionMask = 2147483647;
			files = (
				A9D9D4531DD9A88B009010FA /* ViewController.swift in Sources */,
				A9D9D4511DD9A88B009010FA /* AppDelegate.swift in Sources */,
			);
			runOnlyForDeploymentPostprocessing = 0;
		};
/* End PBXSourcesBuildPhase section */

/* Begin PBXVariantGroup section */
		A9D9D4541DD9A88B009010FA /* Main.storyboard */ = {
			isa = PBXVariantGroup;
			children = (
				A9D9D4551DD9A88B009010FA /* Base */,
			);
			name = Main.storyboard;
			sourceTree = "<group>";
		};
		A9D9D4591DD9A88B009010FA /* LaunchScreen.storyboard */ = {
			isa = PBXVariantGroup;
			children = (
				A9D9D45A1DD9A88B009010FA /* Base */,
			);
			name = LaunchScreen.storyboard;
			sourceTree = "<group>";
		};
/* End PBXVariantGroup section */

/* Begin XCBuildConfiguration section */
		A9D9D45D1DD9A88B009010FA /* Debug */ = {
			isa = XCBuildConfiguration;
			buildSettings = {
				ALWAYS_SEARCH_USER_PATHS = NO;
				CLANG_ANALYZER_NONNULL = YES;
				CLANG_CXX_LANGUAGE_STANDARD = "gnu++0x";
				CLANG_CXX_LIBRARY = "libc++";
				CLANG_ENABLE_MODULES = YES;
				CLANG_ENABLE_OBJC_ARC = YES;
				CLANG_WARN_BOOL_CONVERSION = YES;
				CLANG_WARN_CONSTANT_CONVERSION = YES;
				CLANG_WARN_DIRECT_OBJC_ISA_USAGE = YES_ERROR;
				CLANG_WARN_EMPTY_BODY = YES;
				CLANG_WARN_ENUM_CONVERSION = YES;
				CLANG_WARN_INT_CONVERSION = YES;
				CLANG_WARN_OBJC_ROOT_CLASS = YES_ERROR;
				CLANG_WARN_UNREACHABLE_CODE = YES;
				CLANG_WARN__DUPLICATE_METHOD_MATCH = YES;
				"CODE_SIGN_IDENTITY[sdk=iphoneos*]" = "iPhone Developer";
				COPY_PHASE_STRIP = NO;
				DEBUG_INFORMATION_FORMAT = dwarf;
				ENABLE_STRICT_OBJC_MSGSEND = YES;
				ENABLE_TESTABILITY = YES;
				GCC_C_LANGUAGE_STANDARD = gnu99;
				GCC_DYNAMIC_NO_PIC = NO;
				GCC_NO_COMMON_BLOCKS = YES;
				GCC_OPTIMIZATION_LEVEL = 0;
				GCC_PREPROCESSOR_DEFINITIONS = (
					"DEBUG=1",
					"$(inherited)",
				);
				GCC_WARN_64_TO_32_BIT_CONVERSION = YES;
				GCC_WARN_ABOUT_RETURN_TYPE = YES_ERROR;
				GCC_WARN_UNDECLARED_SELECTOR = YES;
				GCC_WARN_UNINITIALIZED_AUTOS = YES_AGGRESSIVE;
				GCC_WARN_UNUSED_FUNCTION = YES;
				GCC_WARN_UNUSED_VARIABLE = YES;
				IPHONEOS_DEPLOYMENT_TARGET = 9.3;
				MTL_ENABLE_DEBUG_INFO = YES;
				ONLY_ACTIVE_ARCH = YES;
				SDKROOT = iphoneos;
				SWIFT_OPTIMIZATION_LEVEL = "-Onone";
				TARGETED_DEVICE_FAMILY = "1,2";
			};
			name = Debug;
		};
		A9D9D45E1DD9A88B009010FA /* Release */ = {
			isa = XCBuildConfiguration;
			buildSettings = {
				ALWAYS_SEARCH_USER_PATHS = NO;
				CLANG_ANALYZER_NONNULL = YES;
				CLANG_CXX_LANGUAGE_STANDARD = "gnu++0x";
				CLANG_CXX_LIBRARY = "libc++";
				CLANG_ENABLE_MODULES = YES;
				CLANG_ENABLE_OBJC_ARC = YES;
				CLANG_WARN_BOOL_CONVERSION = YES;
				CLANG_WARN_CONSTANT_CONVERSION = YES;
				CLANG_WARN_DIRECT_OBJC_ISA_USAGE = YES_ERROR;
				CLANG_WARN_EMPTY_BODY = YES;
				CLANG_WARN_ENUM_CONVERSION = YES;
				CLANG_WARN_INT_CONVERSION = YES;
				CLANG_WARN_OBJC_ROOT_CLASS = YES_ERROR;
				CLANG_WARN_UNREACHABLE_CODE = YES;
				CLANG_WARN__DUPLICATE_METHOD_MATCH = YES;
				"CODE_SIGN_IDENTITY[sdk=iphoneos*]" = "iPhone Developer";
				COPY_PHASE_STRIP = NO;
				DEBUG_INFORMATION_FORMAT = "dwarf-with-dsym";
				ENABLE_NS_ASSERTIONS = NO;
				ENABLE_STRICT_OBJC_MSGSEND = YES;
				GCC_C_LANGUAGE_STANDARD = gnu99;
				GCC_NO_COMMON_BLOCKS = YES;
				GCC_WARN_64_TO_32_BIT_CONVERSION = YES;
				GCC_WARN_ABOUT_RETURN_TYPE = YES_ERROR;
				GCC_WARN_UNDECLARED_SELECTOR = YES;
				GCC_WARN_UNINITIALIZED_AUTOS = YES_AGGRESSIVE;
				GCC_WARN_UNUSED_FUNCTION = YES;
				GCC_WARN_UNUSED_VARIABLE = YES;
				IPHONEOS_DEPLOYMENT_TARGET = 9.3;
				MTL_ENABLE_DEBUG_INFO = NO;
				SDKROOT = iphoneos;
				TARGETED_DEVICE_FAMILY = "1,2";
				VALIDATE_PRODUCT = YES;
			};
			name = Release;
		};
		A9D9D4601DD9A88B009010FA /* Debug */ = {
			isa = XCBuildConfiguration;
			buildSettings = {
				ASSETCATALOG_COMPILER_APPICON_NAME = AppIcon;
				INFOPLIST_FILE = RioOlympics2016/Info.plist;
				LD_RUNPATH_SEARCH_PATHS = "$(inherited) @executable_path/Frameworks";
				PRODUCT_BUNDLE_IDENTIFIER = abb.RioOlympics2016;
				PRODUCT_NAME = "$(TARGET_NAME)";
			};
			name = Debug;
		};
		A9D9D4611DD9A88B009010FA /* Release */ = {
			isa = XCBuildConfiguration;
			buildSettings = {
				ASSETCATALOG_COMPILER_APPICON_NAME = AppIcon;
				INFOPLIST_FILE = RioOlympics2016/Info.plist;
				LD_RUNPATH_SEARCH_PATHS = "$(inherited) @executable_path/Frameworks";
				PRODUCT_BUNDLE_IDENTIFIER = abb.RioOlympics2016;
				PRODUCT_NAME = "$(TARGET_NAME)";
			};
			name = Release;
		};
/* End XCBuildConfiguration section */

/* Begin XCConfigurationList section */
		A9D9D4481DD9A88B009010FA /* Build configuration list for PBXProject "RioOlympics2016" */ = {
			isa = XCConfigurationList;
			buildConfigurations = (
				A9D9D45D1DD9A88B009010FA /* Debug */,
				A9D9D45E1DD9A88B009010FA /* Release */,
			);
			defaultConfigurationIsVisible = 0;
			defaultConfigurationName = Release;
		};
		A9D9D45F1DD9A88B009010FA /* Build configuration list for PBXNativeTarget "RioOlympics2016" */ = {
			isa = XCConfigurationList;
			buildConfigurations = (
				A9D9D4601DD9A88B009010FA /* Debug */,
				A9D9D4611DD9A88B009010FA /* Release */,
			);
			defaultConfigurationIsVisible = 0;
		};
/* End XCConfigurationList section */
	};
	rootObject = A9D9D4451DD9A88B009010FA /* Project object */;
}
